
Microsoft Visual Studio Solution File, Format Version 12.00
# Visual Studio Version 17
VisualStudioVersion = 17.10.35013.160
MinimumVisualStudioVersion = 10.0.40219.1
Project("{FAE04EC0-301F-11D3-BF4B-00C04F79EFBC}") = "E-Commerce.API", "E-Commerce.API\E-Commerce.API.csproj", "{59910B83-D1A1-4FAD-9FEF-E87E8076CEF6}"
EndProject
Project("{FAE04EC0-301F-11D3-BF4B-00C04F79EFBC}") = "E-Commerce.core", "E-commerce.core\E-Commerce.core.csproj", "{52E0E45F-6A58-45AC-ABCF-52EE58A540BB}"
EndProject
Project("{FAE04EC0-301F-11D3-BF4B-00C04F79EFBC}") = "E-Commerce.Repository", "E-Commerce.Repository\E-Commerce.Repository.csproj", "{C27A8304-6439-4885-A6A3-AC18849BF07E}"
EndProject
Project("{FAE04EC0-301F-11D3-BF4B-00C04F79EFBC}") = "E-Commerce.Services", "E-Commerce.Services\E-Commerce.Services.csproj", "{40419A30-1426-4979-AF4A-FCB7FCD31DE5}"
EndProject
Global
	GlobalSection(SolutionConfigurationPlatforms) = preSolution
		Debug|Any CPU = Debug|Any CPU
		Release|Any CPU = Release|Any CPU
	EndGlobalSection
	GlobalSection(ProjectConfigurationPlatforms) = postSolution
		{59910B83-D1A1-4FAD-9FEF-E87E8076CEF6}.Debug|Any CPU.ActiveCfg = Debug|Any CPU
		{59910B83-D1A1-4FAD-9FEF-E87E8076CEF6}.Debug|Any CPU.Build.0 = Debug|Any CPU
		{59910B83-D1A1-4FAD-9FEF-E87E8076CEF6}.Release|Any CPU.ActiveCfg = Release|Any CPU
		{59910B83-D1A1-4FAD-9FEF-E87E8076CEF6}.Release|Any CPU.Build.0 = Release|Any CPU
		{52E0E45F-6A58-45AC-ABCF-52EE58A540BB}.Debug|Any CPU.ActiveCfg = Debug|Any CPU
		{52E0E45F-6A58-45AC-ABCF-52EE58A540BB}.Debug|Any CPU.Build.0 = Debug|Any CPU
		{52E0E45F-6A58-45AC-ABCF-52EE58A540BB}.Release|Any CPU.ActiveCfg = Release|Any CPU
		{52E0E45F-6A58-45AC-ABCF-52EE58A540BB}.Release|Any CPU.Build.0 = Release|Any CPU
		{C27A8304-6439-4885-A6A3-AC18849BF07E}.Debug|Any CPU.ActiveCfg = Debug|Any CPU
		{C27A8304-6439-4885-A6A3-AC18849BF07E}.Debug|Any CPU.Build.0 = Debug|Any CPU
		{C27A8304-6439-4885-A6A3-AC18849BF07E}.Release|Any CPU.ActiveCfg = Release|Any CPU
		{C27A8304-6439-4885-A6A3-AC18849BF07E}.Release|Any CPU.Build.0 = Release|Any CPU
		{40419A30-1426-4979-AF4A-FCB7FCD31DE5}.Debug|Any CPU.ActiveCfg = Debug|Any CPU
		{40419A30-1426-4979-AF4A-FCB7FCD31DE5}.Debug|Any CPU.Build.0 = Debug|Any CPU
		{40419A30-1426-4979-AF4A-FCB7FCD31DE5}.Release|Any CPU.ActiveCfg = Release|Any CPU
		{40419A30-1426-4979-AF4A-FCB7FCD31DE5}.Release|Any CPU.Build.0 = Release|Any CPU
	EndGlobalSection
	GlobalSection(SolutionProperties) = preSolution
		HideSolutionNode = FALSE
	EndGlobalSection
	GlobalSection(ExtensibilityGlobals) = postSolution
		SolutionGuid = {B4E40881-F9F9-4D55-A481-3E12EA8629F0}
	EndGlobalSection
EndGlobal
